
Microsoft Visual Studio Solution File, Format Version 12.00
# Visual Studio 15
VisualStudioVersion = 15.0.27428.2015
MinimumVisualStudioVersion = 10.0.40219.1
Project("{2150E333-8FDC-42A3-9474-1A3956D46DE8}") = "Gmap", "Gmap", "{DB4CFC87-17C1-4E2D-B59E-B5C0D324C49D}"
EndProject
Project("{FAE04EC0-301F-11D3-BF4B-00C04F79EFBC}") = "Amov.Planner", "Amov.Planner\Amov.Planner.csproj", "{55D4F2F3-CC6F-4FB3-9D24-206A22A6A386}"
EndProject
Project("{FAE04EC0-301F-11D3-BF4B-00C04F79EFBC}") = "GMap.NET.Core", "Amov.Gmap\GMap.NET.Core\GMap.NET.Core.csproj", "{D0C39D9D-BED0-418B-9A5E-713176CAF40C}"
EndProject
Project("{FAE04EC0-301F-11D3-BF4B-00C04F79EFBC}") = "GMap.NET.WindowsForms", "Amov.Gmap\GMap.NET.WindowsForms\GMap.NET.WindowsForms.csproj", "{E06DEF77-F933-42FB-AFD7-DB2D0D8D6A98}"
EndProject
Project("{2150E333-8FDC-42A3-9474-1A3956D46DE8}") = "ThirdControl", "ThirdControl", "{5B733CB6-E467-4931-86B1-370BAD6A7C91}"
EndProject
Project("{FAE04EC0-301F-11D3-BF4B-00C04F79EFBC}") = "TestForm", "ThirdControl\TestForm\TestForm.csproj", "{313C8A51-23FA-4810-8637-9FA62A03BF40}"
EndProject
Project("{FAE04EC0-301F-11D3-BF4B-00C04F79EFBC}") = "AttitudeInstrument", "ThirdControl\AttitudeInstrument\AttitudeInstrument.csproj", "{2B139BB1-1A26-463C-87A1-9FB9CE9C0BC6}"
EndProject
Project("{2150E333-8FDC-42A3-9474-1A3956D46DE8}") = "MAVTOOL", "MAVTOOL", "{A484ED4D-76D5-481B-B053-D70869ED682B}"
EndProject
Project("{FAE04EC0-301F-11D3-BF4B-00C04F79EFBC}") = "MAVTOOL", "MAVTOOL\MAVTOOL.csproj", "{5BF99E99-676B-4DEC-A3F8-5F980AF16748}"
EndProject
Project("{9A19103F-16F7-4668-BE54-9A1E7A4F7556}") = "MAVLink", "Mavlink\MAVLink.csproj", "{20296734-5F3C-4593-A0D5-DD20B440B13A}"
EndProject
Project("{2150E333-8FDC-42A3-9474-1A3956D46DE8}") = "GeoUtility", "GeoUtility", "{D86B7FD8-02C4-4F45-A32B-892C42136D4A}"
EndProject
Project("{FAE04EC0-301F-11D3-BF4B-00C04F79EFBC}") = "GeoUtility", "GeoUtility\GeoUtility.csproj", "{7F7994CE-823F-4A04-BBEA-D0A3808FF56D}"
EndProject
Project("{2150E333-8FDC-42A3-9474-1A3956D46DE8}") = "BSE.Windows.Form", "BSE.Windows.Form", "{3AFF9EDB-C90E-4C78-B279-F061E6D36948}"
EndProject
Project("{FAE04EC0-301F-11D3-BF4B-00C04F79EFBC}") = "BSE.Windows.Forms", "BSE.Windows.Forms\BSE.Windows.Forms.csproj", "{9CA367B8-0B98-49D1-84FB-735E612E3BA9}"
EndProject
Global
	GlobalSection(SolutionConfigurationPlatforms) = preSolution
		Debug|Any CPU = Debug|Any CPU
		Debug|x64 = Debug|x64
		Debug|x86 = Debug|x86
		Release|Any CPU = Release|Any CPU
		Release|x64 = Release|x64
		Release|x86 = Release|x86
		v4.0-Debug|Any CPU = v4.0-Debug|Any CPU
		v4.0-Debug|x64 = v4.0-Debug|x64
		v4.0-Debug|x86 = v4.0-Debug|x86
		v4.0-Release|Any CPU = v4.0-Release|Any CPU
		v4.0-Release|x64 = v4.0-Release|x64
		v4.0-Release|x86 = v4.0-Release|x86
	EndGlobalSection
	GlobalSection(ProjectConfigurationPlatforms) = postSolution
		{55D4F2F3-CC6F-4FB3-9D24-206A22A6A386}.Debug|Any CPU.ActiveCfg = Debug|Any CPU
		{55D4F2F3-CC6F-4FB3-9D24-206A22A6A386}.Debug|Any CPU.Build.0 = Debug|Any CPU
		{55D4F2F3-CC6F-4FB3-9D24-206A22A6A386}.Debug|x64.ActiveCfg = Debug|Any CPU
		{55D4F2F3-CC6F-4FB3-9D24-206A22A6A386}.Debug|x64.Build.0 = Debug|Any CPU
		{55D4F2F3-CC6F-4FB3-9D24-206A22A6A386}.Debug|x86.ActiveCfg = Debug|Any CPU
		{55D4F2F3-CC6F-4FB3-9D24-206A22A6A386}.Debug|x86.Build.0 = Debug|Any CPU
		{55D4F2F3-CC6F-4FB3-9D24-206A22A6A386}.Release|Any CPU.ActiveCfg = Release|Any CPU
		{55D4F2F3-CC6F-4FB3-9D24-206A22A6A386}.Release|Any CPU.Build.0 = Release|Any CPU
		{55D4F2F3-CC6F-4FB3-9D24-206A22A6A386}.Release|x64.ActiveCfg = Release|Any CPU
		{55D4F2F3-CC6F-4FB3-9D24-206A22A6A386}.Release|x64.Build.0 = Release|Any CPU
		{55D4F2F3-CC6F-4FB3-9D24-206A22A6A386}.Release|x86.ActiveCfg = Release|Any CPU
		{55D4F2F3-CC6F-4FB3-9D24-206A22A6A386}.Release|x86.Build.0 = Release|Any CPU
		{55D4F2F3-CC6F-4FB3-9D24-206A22A6A386}.v4.0-Debug|Any CPU.ActiveCfg = Debug|Any CPU
		{55D4F2F3-CC6F-4FB3-9D24-206A22A6A386}.v4.0-Debug|Any CPU.Build.0 = Debug|Any CPU
		{55D4F2F3-CC6F-4FB3-9D24-206A22A6A386}.v4.0-Debug|x64.ActiveCfg = Debug|Any CPU
		{55D4F2F3-CC6F-4FB3-9D24-206A22A6A386}.v4.0-Debug|x64.Build.0 = Debug|Any CPU
		{55D4F2F3-CC6F-4FB3-9D24-206A22A6A386}.v4.0-Debug|x86.ActiveCfg = Debug|Any CPU
		{55D4F2F3-CC6F-4FB3-9D24-206A22A6A386}.v4.0-Debug|x86.Build.0 = Debug|Any CPU
		{55D4F2F3-CC6F-4FB3-9D24-206A22A6A386}.v4.0-Release|Any CPU.ActiveCfg = Release|Any CPU
		{55D4F2F3-CC6F-4FB3-9D24-206A22A6A386}.v4.0-Release|Any CPU.Build.0 = Release|Any CPU
		{55D4F2F3-CC6F-4FB3-9D24-206A22A6A386}.v4.0-Release|x64.ActiveCfg = Release|Any CPU
		{55D4F2F3-CC6F-4FB3-9D24-206A22A6A386}.v4.0-Release|x64.Build.0 = Release|Any CPU
		{55D4F2F3-CC6F-4FB3-9D24-206A22A6A386}.v4.0-Release|x86.ActiveCfg = Release|Any CPU
		{55D4F2F3-CC6F-4FB3-9D24-206A22A6A386}.v4.0-Release|x86.Build.0 = Release|Any CPU
		{D0C39D9D-BED0-418B-9A5E-713176CAF40C}.Debug|Any CPU.ActiveCfg = Debug|Any CPU
		{D0C39D9D-BED0-418B-9A5E-713176CAF40C}.Debug|Any CPU.Build.0 = Debug|Any CPU
		{D0C39D9D-BED0-418B-9A5E-713176CAF40C}.Debug|x64.ActiveCfg = Debug|Any CPU
		{D0C39D9D-BED0-418B-9A5E-713176CAF40C}.Debug|x64.Build.0 = Debug|Any CPU
		{D0C39D9D-BED0-418B-9A5E-713176CAF40C}.Debug|x86.ActiveCfg = Debug|Any CPU
		{D0C39D9D-BED0-418B-9A5E-713176CAF40C}.Debug|x86.Build.0 = Debug|Any CPU
		{D0C39D9D-BED0-418B-9A5E-713176CAF40C}.Release|Any CPU.ActiveCfg = Release|Any CPU
		{D0C39D9D-BED0-418B-9A5E-713176CAF40C}.Release|Any CPU.Build.0 = Release|Any CPU
		{D0C39D9D-BED0-418B-9A5E-713176CAF40C}.Release|x64.ActiveCfg = Release|Any CPU
		{D0C39D9D-BED0-418B-9A5E-713176CAF40C}.Release|x64.Build.0 = Release|Any CPU
		{D0C39D9D-BED0-418B-9A5E-713176CAF40C}.Release|x86.ActiveCfg = Release|Any CPU
		{D0C39D9D-BED0-418B-9A5E-713176CAF40C}.Release|x86.Build.0 = Release|Any CPU
		{D0C39D9D-BED0-418B-9A5E-713176CAF40C}.v4.0-Debug|Any CPU.ActiveCfg = Debug|Any CPU
		{D0C39D9D-BED0-418B-9A5E-713176CAF40C}.v4.0-Debug|Any CPU.Build.0 = Debug|Any CPU
		{D0C39D9D-BED0-418B-9A5E-713176CAF40C}.v4.0-Debug|x64.ActiveCfg = Debug|Any CPU
		{D0C39D9D-BED0-418B-9A5E-713176CAF40C}.v4.0-Debug|x64.Build.0 = Debug|Any CPU
		{D0C39D9D-BED0-418B-9A5E-713176CAF40C}.v4.0-Debug|x86.ActiveCfg = Debug|Any CPU
		{D0C39D9D-BED0-418B-9A5E-713176CAF40C}.v4.0-Debug|x86.Build.0 = Debug|Any CPU
		{D0C39D9D-BED0-418B-9A5E-713176CAF40C}.v4.0-Release|Any CPU.ActiveCfg = Release|Any CPU
		{D0C39D9D-BED0-418B-9A5E-713176CAF40C}.v4.0-Release|Any CPU.Build.0 = Release|Any CPU
		{D0C39D9D-BED0-418B-9A5E-713176CAF40C}.v4.0-Release|x64.ActiveCfg = Release|Any CPU
		{D0C39D9D-BED0-418B-9A5E-713176CAF40C}.v4.0-Release|x64.Build.0 = Release|Any CPU
		{D0C39D9D-BED0-418B-9A5E-713176CAF40C}.v4.0-Release|x86.ActiveCfg = Release|Any CPU
		{D0C39D9D-BED0-418B-9A5E-713176CAF40C}.v4.0-Release|x86.Build.0 = Release|Any CPU
		{E06DEF77-F933-42FB-AFD7-DB2D0D8D6A98}.Debug|Any CPU.ActiveCfg = Debug|Any CPU
		{E06DEF77-F933-42FB-AFD7-DB2D0D8D6A98}.Debug|Any CPU.Build.0 = Debug|Any CPU
		{E06DEF77-F933-42FB-AFD7-DB2D0D8D6A98}.Debug|x64.ActiveCfg = Debug|Any CPU
		{E06DEF77-F933-42FB-AFD7-DB2D0D8D6A98}.Debug|x64.Build.0 = Debug|Any CPU
		{E06DEF77-F933-42FB-AFD7-DB2D0D8D6A98}.Debug|x86.ActiveCfg = Debug|Any CPU
		{E06DEF77-F933-42FB-AFD7-DB2D0D8D6A98}.Debug|x86.Build.0 = Debug|Any CPU
		{E06DEF77-F933-42FB-AFD7-DB2D0D8D6A98}.Release|Any CPU.ActiveCfg = Release|Any CPU
		{E06DEF77-F933-42FB-AFD7-DB2D0D8D6A98}.Release|Any CPU.Build.0 = Release|Any CPU
		{E06DEF77-F933-42FB-AFD7-DB2D0D8D6A98}.Release|x64.ActiveCfg = Release|Any CPU
		{E06DEF77-F933-42FB-AFD7-DB2D0D8D6A98}.Release|x64.Build.0 = Release|Any CPU
		{E06DEF77-F933-42FB-AFD7-DB2D0D8D6A98}.Release|x86.ActiveCfg = Release|Any CPU
		{E06DEF77-F933-42FB-AFD7-DB2D0D8D6A98}.Release|x86.Build.0 = Release|Any CPU
		{E06DEF77-F933-42FB-AFD7-DB2D0D8D6A98}.v4.0-Debug|Any CPU.ActiveCfg = Debug|Any CPU
		{E06DEF77-F933-42FB-AFD7-DB2D0D8D6A98}.v4.0-Debug|Any CPU.Build.0 = Debug|Any CPU
		{E06DEF77-F933-42FB-AFD7-DB2D0D8D6A98}.v4.0-Debug|x64.ActiveCfg = Debug|Any CPU
		{E06DEF77-F933-42FB-AFD7-DB2D0D8D6A98}.v4.0-Debug|x64.Build.0 = Debug|Any CPU
		{E06DEF77-F933-42FB-AFD7-DB2D0D8D6A98}.v4.0-Debug|x86.ActiveCfg = Debug|Any CPU
		{E06DEF77-F933-42FB-AFD7-DB2D0D8D6A98}.v4.0-Debug|x86.Build.0 = Debug|Any CPU
		{E06DEF77-F933-42FB-AFD7-DB2D0D8D6A98}.v4.0-Release|Any CPU.ActiveCfg = Release|Any CPU
		{E06DEF77-F933-42FB-AFD7-DB2D0D8D6A98}.v4.0-Release|Any CPU.Build.0 = Release|Any CPU
		{E06DEF77-F933-42FB-AFD7-DB2D0D8D6A98}.v4.0-Release|x64.ActiveCfg = Release|Any CPU
		{E06DEF77-F933-42FB-AFD7-DB2D0D8D6A98}.v4.0-Release|x64.Build.0 = Release|Any CPU
		{E06DEF77-F933-42FB-AFD7-DB2D0D8D6A98}.v4.0-Release|x86.ActiveCfg = Release|Any CPU
		{E06DEF77-F933-42FB-AFD7-DB2D0D8D6A98}.v4.0-Release|x86.Build.0 = Release|Any CPU
		{313C8A51-23FA-4810-8637-9FA62A03BF40}.Debug|Any CPU.ActiveCfg = Debug|Any CPU
		{313C8A51-23FA-4810-8637-9FA62A03BF40}.Debug|Any CPU.Build.0 = Debug|Any CPU
		{313C8A51-23FA-4810-8637-9FA62A03BF40}.Debug|x64.ActiveCfg = Debug|Any CPU
		{313C8A51-23FA-4810-8637-9FA62A03BF40}.Debug|x64.Build.0 = Debug|Any CPU
		{313C8A51-23FA-4810-8637-9FA62A03BF40}.Debug|x86.ActiveCfg = Debug|Any CPU
		{313C8A51-23FA-4810-8637-9FA62A03BF40}.Debug|x86.Build.0 = Debug|Any CPU
		{313C8A51-23FA-4810-8637-9FA62A03BF40}.Release|Any CPU.ActiveCfg = Release|Any CPU
		{313C8A51-23FA-4810-8637-9FA62A03BF40}.Release|Any CPU.Build.0 = Release|Any CPU
		{313C8A51-23FA-4810-8637-9FA62A03BF40}.Release|x64.ActiveCfg = Release|Any CPU
		{313C8A51-23FA-4810-8637-9FA62A03BF40}.Release|x64.Build.0 = Release|Any CPU
		{313C8A51-23FA-4810-8637-9FA62A03BF40}.Release|x86.ActiveCfg = Release|Any CPU
		{313C8A51-23FA-4810-8637-9FA62A03BF40}.Release|x86.Build.0 = Release|Any CPU
		{313C8A51-23FA-4810-8637-9FA62A03BF40}.v4.0-Debug|Any CPU.ActiveCfg = Debug|Any CPU
		{313C8A51-23FA-4810-8637-9FA62A03BF40}.v4.0-Debug|Any CPU.Build.0 = Debug|Any CPU
		{313C8A51-23FA-4810-8637-9FA62A03BF40}.v4.0-Debug|x64.ActiveCfg = Debug|Any CPU
		{313C8A51-23FA-4810-8637-9FA62A03BF40}.v4.0-Debug|x64.Build.0 = Debug|Any CPU
		{313C8A51-23FA-4810-8637-9FA62A03BF40}.v4.0-Debug|x86.ActiveCfg = Debug|Any CPU
		{313C8A51-23FA-4810-8637-9FA62A03BF40}.v4.0-Debug|x86.Build.0 = Debug|Any CPU
		{313C8A51-23FA-4810-8637-9FA62A03BF40}.v4.0-Release|Any CPU.ActiveCfg = Release|Any CPU
		{313C8A51-23FA-4810-8637-9FA62A03BF40}.v4.0-Release|Any CPU.Build.0 = Release|Any CPU
		{313C8A51-23FA-4810-8637-9FA62A03BF40}.v4.0-Release|x64.ActiveCfg = Release|Any CPU
		{313C8A51-23FA-4810-8637-9FA62A03BF40}.v4.0-Release|x64.Build.0 = Release|Any CPU
		{313C8A51-23FA-4810-8637-9FA62A03BF40}.v4.0-Release|x86.ActiveCfg = Release|Any CPU
		{313C8A51-23FA-4810-8637-9FA62A03BF40}.v4.0-Release|x86.Build.0 = Release|Any CPU
		{2B139BB1-1A26-463C-87A1-9FB9CE9C0BC6}.Debug|Any CPU.ActiveCfg = Debug|Any CPU
		{2B139BB1-1A26-463C-87A1-9FB9CE9C0BC6}.Debug|Any CPU.Build.0 = Debug|Any CPU
		{2B139BB1-1A26-463C-87A1-9FB9CE9C0BC6}.Debug|x64.ActiveCfg = Debug|Any CPU
		{2B139BB1-1A26-463C-87A1-9FB9CE9C0BC6}.Debug|x64.Build.0 = Debug|Any CPU
		{2B139BB1-1A26-463C-87A1-9FB9CE9C0BC6}.Debug|x86.ActiveCfg = Debug|Any CPU
		{2B139BB1-1A26-463C-87A1-9FB9CE9C0BC6}.Debug|x86.Build.0 = Debug|Any CPU
		{2B139BB1-1A26-463C-87A1-9FB9CE9C0BC6}.Release|Any CPU.ActiveCfg = Release|Any CPU
		{2B139BB1-1A26-463C-87A1-9FB9CE9C0BC6}.Release|Any CPU.Build.0 = Release|Any CPU
		{2B139BB1-1A26-463C-87A1-9FB9CE9C0BC6}.Release|x64.ActiveCfg = Release|Any CPU
		{2B139BB1-1A26-463C-87A1-9FB9CE9C0BC6}.Release|x64.Build.0 = Release|Any CPU
		{2B139BB1-1A26-463C-87A1-9FB9CE9C0BC6}.Release|x86.ActiveCfg = Release|Any CPU
		{2B139BB1-1A26-463C-87A1-9FB9CE9C0BC6}.Release|x86.Build.0 = Release|Any CPU
		{2B139BB1-1A26-463C-87A1-9FB9CE9C0BC6}.v4.0-Debug|Any CPU.ActiveCfg = Debug|Any CPU
		{2B139BB1-1A26-463C-87A1-9FB9CE9C0BC6}.v4.0-Debug|Any CPU.Build.0 = Debug|Any CPU
		{2B139BB1-1A26-463C-87A1-9FB9CE9C0BC6}.v4.0-Debug|x64.ActiveCfg = Debug|Any CPU
		{2B139BB1-1A26-463C-87A1-9FB9CE9C0BC6}.v4.0-Debug|x64.Build.0 = Debug|Any CPU
		{2B139BB1-1A26-463C-87A1-9FB9CE9C0BC6}.v4.0-Debug|x86.ActiveCfg = Debug|Any CPU
		{2B139BB1-1A26-463C-87A1-9FB9CE9C0BC6}.v4.0-Debug|x86.Build.0 = Debug|Any CPU
		{2B139BB1-1A26-463C-87A1-9FB9CE9C0BC6}.v4.0-Release|Any CPU.ActiveCfg = Release|Any CPU
		{2B139BB1-1A26-463C-87A1-9FB9CE9C0BC6}.v4.0-Release|Any CPU.Build.0 = Release|Any CPU
		{2B139BB1-1A26-463C-87A1-9FB9CE9C0BC6}.v4.0-Release|x64.ActiveCfg = Release|Any CPU
		{2B139BB1-1A26-463C-87A1-9FB9CE9C0BC6}.v4.0-Release|x64.Build.0 = Release|Any CPU
		{2B139BB1-1A26-463C-87A1-9FB9CE9C0BC6}.v4.0-Release|x86.ActiveCfg = Release|Any CPU
		{2B139BB1-1A26-463C-87A1-9FB9CE9C0BC6}.v4.0-Release|x86.Build.0 = Release|Any CPU
		{5BF99E99-676B-4DEC-A3F8-5F980AF16748}.Debug|Any CPU.ActiveCfg = Debug|Any CPU
		{5BF99E99-676B-4DEC-A3F8-5F980AF16748}.Debug|Any CPU.Build.0 = Debug|Any CPU
		{5BF99E99-676B-4DEC-A3F8-5F980AF16748}.Debug|x64.ActiveCfg = Debug|x64
		{5BF99E99-676B-4DEC-A3F8-5F980AF16748}.Debug|x64.Build.0 = Debug|x64
		{5BF99E99-676B-4DEC-A3F8-5F980AF16748}.Debug|x86.ActiveCfg = Debug|x86
		{5BF99E99-676B-4DEC-A3F8-5F980AF16748}.Debug|x86.Build.0 = Debug|x86
		{5BF99E99-676B-4DEC-A3F8-5F980AF16748}.Release|Any CPU.ActiveCfg = Release|Any CPU
		{5BF99E99-676B-4DEC-A3F8-5F980AF16748}.Release|Any CPU.Build.0 = Release|Any CPU
		{5BF99E99-676B-4DEC-A3F8-5F980AF16748}.Release|x64.ActiveCfg = Release|x64
		{5BF99E99-676B-4DEC-A3F8-5F980AF16748}.Release|x64.Build.0 = Release|x64
		{5BF99E99-676B-4DEC-A3F8-5F980AF16748}.Release|x86.ActiveCfg = Release|x86
		{5BF99E99-676B-4DEC-A3F8-5F980AF16748}.Release|x86.Build.0 = Release|x86
		{5BF99E99-676B-4DEC-A3F8-5F980AF16748}.v4.0-Debug|Any CPU.ActiveCfg = Debug|Any CPU
		{5BF99E99-676B-4DEC-A3F8-5F980AF16748}.v4.0-Debug|Any CPU.Build.0 = Debug|Any CPU
		{5BF99E99-676B-4DEC-A3F8-5F980AF16748}.v4.0-Debug|x64.ActiveCfg = Debug|x64
		{5BF99E99-676B-4DEC-A3F8-5F980AF16748}.v4.0-Debug|x64.Build.0 = Debug|x64
		{5BF99E99-676B-4DEC-A3F8-5F980AF16748}.v4.0-Debug|x86.ActiveCfg = Debug|x86
		{5BF99E99-676B-4DEC-A3F8-5F980AF16748}.v4.0-Debug|x86.Build.0 = Debug|x86
		{5BF99E99-676B-4DEC-A3F8-5F980AF16748}.v4.0-Release|Any CPU.ActiveCfg = Release|Any CPU
		{5BF99E99-676B-4DEC-A3F8-5F980AF16748}.v4.0-Release|Any CPU.Build.0 = Release|Any CPU
		{5BF99E99-676B-4DEC-A3F8-5F980AF16748}.v4.0-Release|x64.ActiveCfg = Release|x64
		{5BF99E99-676B-4DEC-A3F8-5F980AF16748}.v4.0-Release|x64.Build.0 = Release|x64
		{5BF99E99-676B-4DEC-A3F8-5F980AF16748}.v4.0-Release|x86.ActiveCfg = Release|x86
		{5BF99E99-676B-4DEC-A3F8-5F980AF16748}.v4.0-Release|x86.Build.0 = Release|x86
		{20296734-5F3C-4593-A0D5-DD20B440B13A}.Debug|Any CPU.ActiveCfg = Debug|Any CPU
		{20296734-5F3C-4593-A0D5-DD20B440B13A}.Debug|Any CPU.Build.0 = Debug|Any CPU
		{20296734-5F3C-4593-A0D5-DD20B440B13A}.Debug|x64.ActiveCfg = Debug|Any CPU
		{20296734-5F3C-4593-A0D5-DD20B440B13A}.Debug|x64.Build.0 = Debug|Any CPU
		{20296734-5F3C-4593-A0D5-DD20B440B13A}.Debug|x86.ActiveCfg = Debug|Any CPU
		{20296734-5F3C-4593-A0D5-DD20B440B13A}.Debug|x86.Build.0 = Debug|Any CPU
		{20296734-5F3C-4593-A0D5-DD20B440B13A}.Release|Any CPU.ActiveCfg = Release|Any CPU
		{20296734-5F3C-4593-A0D5-DD20B440B13A}.Release|Any CPU.Build.0 = Release|Any CPU
		{20296734-5F3C-4593-A0D5-DD20B440B13A}.Release|x64.ActiveCfg = Release|Any CPU
		{20296734-5F3C-4593-A0D5-DD20B440B13A}.Release|x64.Build.0 = Release|Any CPU
		{20296734-5F3C-4593-A0D5-DD20B440B13A}.Release|x86.ActiveCfg = Release|Any CPU
		{20296734-5F3C-4593-A0D5-DD20B440B13A}.Release|x86.Build.0 = Release|Any CPU
		{20296734-5F3C-4593-A0D5-DD20B440B13A}.v4.0-Debug|Any CPU.ActiveCfg = Debug|Any CPU
		{20296734-5F3C-4593-A0D5-DD20B440B13A}.v4.0-Debug|Any CPU.Build.0 = Debug|Any CPU
		{20296734-5F3C-4593-A0D5-DD20B440B13A}.v4.0-Debug|x64.ActiveCfg = Debug|Any CPU
		{20296734-5F3C-4593-A0D5-DD20B440B13A}.v4.0-Debug|x64.Build.0 = Debug|Any CPU
		{20296734-5F3C-4593-A0D5-DD20B440B13A}.v4.0-Debug|x86.ActiveCfg = Debug|Any CPU
		{20296734-5F3C-4593-A0D5-DD20B440B13A}.v4.0-Debug|x86.Build.0 = Debug|Any CPU
		{20296734-5F3C-4593-A0D5-DD20B440B13A}.v4.0-Release|Any CPU.ActiveCfg = Release|Any CPU
		{20296734-5F3C-4593-A0D5-DD20B440B13A}.v4.0-Release|Any CPU.Build.0 = Release|Any CPU
		{20296734-5F3C-4593-A0D5-DD20B440B13A}.v4.0-Release|x64.ActiveCfg = Release|Any CPU
		{20296734-5F3C-4593-A0D5-DD20B440B13A}.v4.0-Release|x64.Build.0 = Release|Any CPU
		{20296734-5F3C-4593-A0D5-DD20B440B13A}.v4.0-Release|x86.ActiveCfg = Release|Any CPU
		{20296734-5F3C-4593-A0D5-DD20B440B13A}.v4.0-Release|x86.Build.0 = Release|Any CPU
		{7F7994CE-823F-4A04-BBEA-D0A3808FF56D}.Debug|Any CPU.ActiveCfg = Debug|Any CPU
		{7F7994CE-823F-4A04-BBEA-D0A3808FF56D}.Debug|Any CPU.Build.0 = Debug|Any CPU
		{7F7994CE-823F-4A04-BBEA-D0A3808FF56D}.Debug|x64.ActiveCfg = Debug|Any CPU
		{7F7994CE-823F-4A04-BBEA-D0A3808FF56D}.Debug|x64.Build.0 = Debug|Any CPU
		{7F7994CE-823F-4A04-BBEA-D0A3808FF56D}.Debug|x86.ActiveCfg = Debug|Any CPU
		{7F7994CE-823F-4A04-BBEA-D0A3808FF56D}.Debug|x86.Build.0 = Debug|Any CPU
		{7F7994CE-823F-4A04-BBEA-D0A3808FF56D}.Release|Any CPU.ActiveCfg = Release|Any CPU
		{7F7994CE-823F-4A04-BBEA-D0A3808FF56D}.Release|Any CPU.Build.0 = Release|Any CPU
		{7F7994CE-823F-4A04-BBEA-D0A3808FF56D}.Release|x64.ActiveCfg = Release|Any CPU
		{7F7994CE-823F-4A04-BBEA-D0A3808FF56D}.Release|x64.Build.0 = Release|Any CPU
		{7F7994CE-823F-4A04-BBEA-D0A3808FF56D}.Release|x86.ActiveCfg = Release|Any CPU
		{7F7994CE-823F-4A04-BBEA-D0A3808FF56D}.Release|x86.Build.0 = Release|Any CPU
		{7F7994CE-823F-4A04-BBEA-D0A3808FF56D}.v4.0-Debug|Any CPU.ActiveCfg = Debug|Any CPU
		{7F7994CE-823F-4A04-BBEA-D0A3808FF56D}.v4.0-Debug|Any CPU.Build.0 = Debug|Any CPU
		{7F7994CE-823F-4A04-BBEA-D0A3808FF56D}.v4.0-Debug|x64.ActiveCfg = Debug|Any CPU
		{7F7994CE-823F-4A04-BBEA-D0A3808FF56D}.v4.0-Debug|x64.Build.0 = Debug|Any CPU
		{7F7994CE-823F-4A04-BBEA-D0A3808FF56D}.v4.0-Debug|x86.ActiveCfg = Debug|Any CPU
		{7F7994CE-823F-4A04-BBEA-D0A3808FF56D}.v4.0-Debug|x86.Build.0 = Debug|Any CPU
		{7F7994CE-823F-4A04-BBEA-D0A3808FF56D}.v4.0-Release|Any CPU.ActiveCfg = Release|Any CPU
		{7F7994CE-823F-4A04-BBEA-D0A3808FF56D}.v4.0-Release|Any CPU.Build.0 = Release|Any CPU
		{7F7994CE-823F-4A04-BBEA-D0A3808FF56D}.v4.0-Release|x64.ActiveCfg = Release|Any CPU
		{7F7994CE-823F-4A04-BBEA-D0A3808FF56D}.v4.0-Release|x64.Build.0 = Release|Any CPU
		{7F7994CE-823F-4A04-BBEA-D0A3808FF56D}.v4.0-Release|x86.ActiveCfg = Release|Any CPU
		{7F7994CE-823F-4A04-BBEA-D0A3808FF56D}.v4.0-Release|x86.Build.0 = Release|Any CPU
		{9CA367B8-0B98-49D1-84FB-735E612E3BA9}.Debug|Any CPU.ActiveCfg = Debug|Any CPU
		{9CA367B8-0B98-49D1-84FB-735E612E3BA9}.Debug|Any CPU.Build.0 = Debug|Any CPU
		{9CA367B8-0B98-49D1-84FB-735E612E3BA9}.Debug|x64.ActiveCfg = Debug|Any CPU
		{9CA367B8-0B98-49D1-84FB-735E612E3BA9}.Debug|x64.Build.0 = Debug|Any CPU
		{9CA367B8-0B98-49D1-84FB-735E612E3BA9}.Debug|x86.ActiveCfg = Debug|Any CPU
		{9CA367B8-0B98-49D1-84FB-735E612E3BA9}.Debug|x86.Build.0 = Debug|Any CPU
		{9CA367B8-0B98-49D1-84FB-735E612E3BA9}.Release|Any CPU.ActiveCfg = Release|Any CPU
		{9CA367B8-0B98-49D1-84FB-735E612E3BA9}.Release|Any CPU.Build.0 = Release|Any CPU
		{9CA367B8-0B98-49D1-84FB-735E612E3BA9}.Release|x64.ActiveCfg = Release|Any CPU
		{9CA367B8-0B98-49D1-84FB-735E612E3BA9}.Release|x64.Build.0 = Release|Any CPU
		{9CA367B8-0B98-49D1-84FB-735E612E3BA9}.Release|x86.ActiveCfg = Release|Any CPU
		{9CA367B8-0B98-49D1-84FB-735E612E3BA9}.Release|x86.Build.0 = Release|Any CPU
		{9CA367B8-0B98-49D1-84FB-735E612E3BA9}.v4.0-Debug|Any CPU.ActiveCfg = Debug|Any CPU
		{9CA367B8-0B98-49D1-84FB-735E612E3BA9}.v4.0-Debug|Any CPU.Build.0 = Debug|Any CPU
		{9CA367B8-0B98-49D1-84FB-735E612E3BA9}.v4.0-Debug|x64.ActiveCfg = Debug|Any CPU
		{9CA367B8-0B98-49D1-84FB-735E612E3BA9}.v4.0-Debug|x64.Build.0 = Debug|Any CPU
		{9CA367B8-0B98-49D1-84FB-735E612E3BA9}.v4.0-Debug|x86.ActiveCfg = Debug|Any CPU
		{9CA367B8-0B98-49D1-84FB-735E612E3BA9}.v4.0-Debug|x86.Build.0 = Debug|Any CPU
		{9CA367B8-0B98-49D1-84FB-735E612E3BA9}.v4.0-Release|Any CPU.ActiveCfg = Release|Any CPU
		{9CA367B8-0B98-49D1-84FB-735E612E3BA9}.v4.0-Release|Any CPU.Build.0 = Release|Any CPU
		{9CA367B8-0B98-49D1-84FB-735E612E3BA9}.v4.0-Release|x64.ActiveCfg = Release|Any CPU
		{9CA367B8-0B98-49D1-84FB-735E612E3BA9}.v4.0-Release|x64.Build.0 = Release|Any CPU
		{9CA367B8-0B98-49D1-84FB-735E612E3BA9}.v4.0-Release|x86.ActiveCfg = Release|Any CPU
		{9CA367B8-0B98-49D1-84FB-735E612E3BA9}.v4.0-Release|x86.Build.0 = Release|Any CPU
	EndGlobalSection
	GlobalSection(SolutionProperties) = preSolution
		HideSolutionNode = FALSE
	EndGlobalSection
	GlobalSection(NestedProjects) = preSolution
		{D0C39D9D-BED0-418B-9A5E-713176CAF40C} = {DB4CFC87-17C1-4E2D-B59E-B5C0D324C49D}
		{E06DEF77-F933-42FB-AFD7-DB2D0D8D6A98} = {DB4CFC87-17C1-4E2D-B59E-B5C0D324C49D}
		{313C8A51-23FA-4810-8637-9FA62A03BF40} = {5B733CB6-E467-4931-86B1-370BAD6A7C91}
		{2B139BB1-1A26-463C-87A1-9FB9CE9C0BC6} = {5B733CB6-E467-4931-86B1-370BAD6A7C91}
		{5BF99E99-676B-4DEC-A3F8-5F980AF16748} = {A484ED4D-76D5-481B-B053-D70869ED682B}
		{20296734-5F3C-4593-A0D5-DD20B440B13A} = {A484ED4D-76D5-481B-B053-D70869ED682B}
		{7F7994CE-823F-4A04-BBEA-D0A3808FF56D} = {D86B7FD8-02C4-4F45-A32B-892C42136D4A}
		{9CA367B8-0B98-49D1-84FB-735E612E3BA9} = {3AFF9EDB-C90E-4C78-B279-F061E6D36948}
	EndGlobalSection
	GlobalSection(ExtensibilityGlobals) = postSolution
		VisualSVNWorkingCopyRoot = .
		SolutionGuid = {51FB2B48-0291-47BC-9ED9-C046C6554FE9}
	EndGlobalSection
EndGlobal
